// !$*UTF8*$!
{
	archiveVersion = 1;
	classes = {
	};
	objectVersion = 46;
	objects = {

/* Begin PBXBuildFile section */
		1B37146A15523A65001B63B5 /* Cocoa.framework in Frameworks */ = {isa = PBXBuildFile; fileRef = 1B37146915523A65001B63B5 /* Cocoa.framework */; };
		1B37146C15523A65001B63B5 /* Quartz.framework in Frameworks */ = {isa = PBXBuildFile; fileRef = 1B37146B15523A65001B63B5 /* Quartz.framework */; };
		1B37147815523A65001B63B5 /* InfoPlist.strings in Resources */ = {isa = PBXBuildFile; fileRef = 1B37147615523A65001B63B5 /* InfoPlist.strings */; };
		1B48F37F15523B5500958631 /* v002_DilatePlugIn.m in Sources */ = {isa = PBXBuildFile; fileRef = 1B48F37C15523B5500958631 /* v002_DilatePlugIn.m */; };
		1B48F38C15523B6000958631 /* icon.icns in Resources */ = {isa = PBXBuildFile; fileRef = 1B48F38315523B6000958631 /* icon.icns */; };
		1B48F38D15523B6000958631 /* README.md in Resources */ = {isa = PBXBuildFile; fileRef = 1B48F38415523B6000958631 /* README.md */; };
		1B48F38E15523B6000958631 /* v002FBO.m in Sources */ = {isa = PBXBuildFile; fileRef = 1B48F38615523B6000958631 /* v002FBO.m */; };
		1B48F38F15523B6000958631 /* v002MasterPluginInterface.m in Sources */ = {isa = PBXBuildFile; fileRef = 1B48F38815523B6000958631 /* v002MasterPluginInterface.m */; };
		1B48F39015523B6000958631 /* v002Shader.m in Sources */ = {isa = PBXBuildFile; fileRef = 1B48F38A15523B6000958631 /* v002Shader.m */; };
		1B48F39615523D1A00958631 /* v002.dilate.frag in Resources */ = {isa = PBXBuildFile; fileRef = 1B48F37D15523B5500958631 /* v002.dilate.frag */; };
		1B48F39715523D1A00958631 /* v002.dilate.vert in Resources */ = {isa = PBXBuildFile; fileRef = 1B48F37E15523B5500958631 /* v002.dilate.vert */; };
		1B48F39C15523E1800958631 /* v002_ErodePlugIn.m in Sources */ = {isa = PBXBuildFile; fileRef = 1B48F39915523E1800958631 /* v002_ErodePlugIn.m */; };
		1B48F39D15523E1800958631 /* v002.erode.frag in Resources */ = {isa = PBXBuildFile; fileRef = 1B48F39A15523E1800958631 /* v002.erode.frag */; };
		1B48F39E15523E1800958631 /* v002.erode.vert in Resources */ = {isa = PBXBuildFile; fileRef = 1B48F39B15523E1800958631 /* v002.erode.vert */; };
		1B5FE4F21B1CFB8E00EED2A1 /* v002MorphologyGenericImageProcessor.m in Sources */ = {isa = PBXBuildFile; fileRef = 1B5FE4F11B1CFB8E00EED2A1 /* v002MorphologyGenericImageProcessor.m */; };
		1B5FE4F61B1D000100EED2A1 /* v002_MedianPlugIn.m in Sources */ = {isa = PBXBuildFile; fileRef = 1B5FE4F51B1D000100EED2A1 /* v002_MedianPlugIn.m */; };
		1B5FE4F81B1D017900EED2A1 /* v002.median.vert in Resources */ = {isa = PBXBuildFile; fileRef = 1B5FE4F71B1D017900EED2A1 /* v002.median.vert */; };
		1B5FE4FA1B1D018800EED2A1 /* v002.median.frag in Resources */ = {isa = PBXBuildFile; fileRef = 1B5FE4F91B1D018800EED2A1 /* v002.median.frag */; };
		1B884FA615C0FF07009AB948 /* OpenGL.framework in Frameworks */ = {isa = PBXBuildFile; fileRef = 1B884FA515C0FF07009AB948 /* OpenGL.framework */; };
/* End PBXBuildFile section */

/* Begin PBXFileReference section */
		1B37146615523A65001B63B5 /* v002 Morphology.plugin */ = {isa = PBXFileReference; explicitFileType = wrapper.cfbundle; includeInIndex = 0; path = "v002 Morphology.plugin"; sourceTree = BUILT_PRODUCTS_DIR; };
		1B37146915523A65001B63B5 /* Cocoa.framework */ = {isa = PBXFileReference; lastKnownFileType = wrapper.framework; name = Cocoa.framework; path = System/Library/Frameworks/Cocoa.framework; sourceTree = SDKROOT; };
		1B37146B15523A65001B63B5 /* Quartz.framework */ = {isa = PBXFileReference; lastKnownFileType = wrapper.framework; name = Quartz.framework; path = System/Library/Frameworks/Quartz.framework; sourceTree = SDKROOT; };
		1B37146E15523A65001B63B5 /* AppKit.framework */ = {isa = PBXFileReference; lastKnownFileType = wrapper.framework; name = AppKit.framework; path = System/Library/Frameworks/AppKit.framework; sourceTree = SDKROOT; };
		1B37146F15523A65001B63B5 /* CoreData.framework */ = {isa = PBXFileReference; lastKnownFileType = wrapper.framework; name = CoreData.framework; path = System/Library/Frameworks/CoreData.framework; sourceTree = SDKROOT; };
		1B37147015523A65001B63B5 /* Foundation.framework */ = {isa = PBXFileReference; lastKnownFileType = wrapper.framework; name = Foundation.framework; path = System/Library/Frameworks/Foundation.framework; sourceTree = SDKROOT; };
		1B37147515523A65001B63B5 /* v002 Morphology-Info.plist */ = {isa = PBXFileReference; lastKnownFileType = text.plist.xml; path = "v002 Morphology-Info.plist"; sourceTree = "<group>"; };
		1B37147715523A65001B63B5 /* en */ = {isa = PBXFileReference; lastKnownFileType = text.plist.strings; name = en; path = en.lproj/InfoPlist.strings; sourceTree = "<group>"; };
		1B37147C15523A65001B63B5 /* v002 Morphology-Prefix.pch */ = {isa = PBXFileReference; lastKnownFileType = sourcecode.c.h; path = "v002 Morphology-Prefix.pch"; sourceTree = "<group>"; };
		1B48F37B15523B5500958631 /* v002_DilatePlugIn.h */ = {isa = PBXFileReference; fileEncoding = 4; lastKnownFileType = sourcecode.c.h; path = v002_DilatePlugIn.h; sourceTree = "<group>"; };
		1B48F37C15523B5500958631 /* v002_DilatePlugIn.m */ = {isa = PBXFileReference; fileEncoding = 4; lastKnownFileType = sourcecode.c.objc; path = v002_DilatePlugIn.m; sourceTree = "<group>"; };
		1B48F37D15523B5500958631 /* v002.dilate.frag */ = {isa = PBXFileReference; fileEncoding = 4; lastKnownFileType = sourcecode.glsl; path = v002.dilate.frag; sourceTree = "<group>"; };
		1B48F37E15523B5500958631 /* v002.dilate.vert */ = {isa = PBXFileReference; fileEncoding = 4; lastKnownFileType = sourcecode.glsl; path = v002.dilate.vert; sourceTree = "<group>"; };
		1B48F38315523B6000958631 /* icon.icns */ = {isa = PBXFileReference; lastKnownFileType = image.icns; path = icon.icns; sourceTree = "<group>"; };
		1B48F38415523B6000958631 /* README.md */ = {isa = PBXFileReference; fileEncoding = 4; lastKnownFileType = text; path = README.md; sourceTree = "<group>"; };
		1B48F38515523B6000958631 /* v002FBO.h */ = {isa = PBXFileReference; fileEncoding = 4; lastKnownFileType = sourcecode.c.h; path = v002FBO.h; sourceTree = "<group>"; };
		1B48F38615523B6000958631 /* v002FBO.m */ = {isa = PBXFileReference; fileEncoding = 4; lastKnownFileType = sourcecode.c.objc; path = v002FBO.m; sourceTree = "<group>"; };
		1B48F38715523B6000958631 /* v002MasterPluginInterface.h */ = {isa = PBXFileReference; fileEncoding = 4; lastKnownFileType = sourcecode.c.h; path = v002MasterPluginInterface.h; sourceTree = "<group>"; };
		1B48F38815523B6000958631 /* v002MasterPluginInterface.m */ = {isa = PBXFileReference; fileEncoding = 4; lastKnownFileType = sourcecode.c.objc; path = v002MasterPluginInterface.m; sourceTree = "<group>"; };
		1B48F38915523B6000958631 /* v002Shader.h */ = {isa = PBXFileReference; fileEncoding = 4; lastKnownFileType = sourcecode.c.h; path = v002Shader.h; sourceTree = "<group>"; };
		1B48F38A15523B6000958631 /* v002Shader.m */ = {isa = PBXFileReference; fileEncoding = 4; lastKnownFileType = sourcecode.c.objc; path = v002Shader.m; sourceTree = "<group>"; };
		1B48F38B15523B6000958631 /* v002UniqueClassNames.h */ = {isa = PBXFileReference; fileEncoding = 4; lastKnownFileType = sourcecode.c.h; path = v002UniqueClassNames.h; sourceTree = "<group>"; };
		1B48F39815523E1800958631 /* v002_ErodePlugIn.h */ = {isa = PBXFileReference; fileEncoding = 4; lastKnownFileType = sourcecode.c.h; path = v002_ErodePlugIn.h; sourceTree = "<group>"; };
		1B48F39915523E1800958631 /* v002_ErodePlugIn.m */ = {isa = PBXFileReference; fileEncoding = 4; lastKnownFileType = sourcecode.c.objc; path = v002_ErodePlugIn.m; sourceTree = "<group>"; };
		1B48F39A15523E1800958631 /* v002.erode.frag */ = {isa = PBXFileReference; fileEncoding = 4; lastKnownFileType = sourcecode.glsl; path = v002.erode.frag; sourceTree = "<group>"; };
		1B48F39B15523E1800958631 /* v002.erode.vert */ = {isa = PBXFileReference; fileEncoding = 4; lastKnownFileType = sourcecode.glsl; path = v002.erode.vert; sourceTree = "<group>"; };
		1B5FE4F01B1CFB8E00EED2A1 /* v002MorphologyGenericImageProcessor.h */ = {isa = PBXFileReference; fileEncoding = 4; lastKnownFileType = sourcecode.c.h; path = v002MorphologyGenericImageProcessor.h; sourceTree = "<group>"; };
		1B5FE4F11B1CFB8E00EED2A1 /* v002MorphologyGenericImageProcessor.m */ = {isa = PBXFileReference; fileEncoding = 4; lastKnownFileType = sourcecode.c.objc; path = v002MorphologyGenericImageProcessor.m; sourceTree = "<group>"; };
		1B5FE4F41B1D000100EED2A1 /* v002_MedianPlugIn.h */ = {isa = PBXFileReference; fileEncoding = 4; lastKnownFileType = sourcecode.c.h; name = v002_MedianPlugIn.h; path = "v002 Morphology/v002_MedianPlugIn.h"; sourceTree = SOURCE_ROOT; };
		1B5FE4F51B1D000100EED2A1 /* v002_MedianPlugIn.m */ = {isa = PBXFileReference; fileEncoding = 4; lastKnownFileType = sourcecode.c.objc; name = v002_MedianPlugIn.m; path = "v002 Morphology/v002_MedianPlugIn.m"; sourceTree = SOURCE_ROOT; };
		1B5FE4F71B1D017900EED2A1 /* v002.median.vert */ = {isa = PBXFileReference; fileEncoding = 4; lastKnownFileType = sourcecode.glsl; name = v002.median.vert; path = "v002 Morphology/v002.median.vert"; sourceTree = SOURCE_ROOT; };
		1B5FE4F91B1D018800EED2A1 /* v002.median.frag */ = {isa = PBXFileReference; fileEncoding = 4; lastKnownFileType = sourcecode.glsl; name = v002.median.frag; path = "../v002 Morphology/v002.median.frag"; sourceTree = "<group>"; };
		1B884FA515C0FF07009AB948 /* OpenGL.framework */ = {isa = PBXFileReference; lastKnownFileType = wrapper.framework; name = OpenGL.framework; path = System/Library/Frameworks/OpenGL.framework; sourceTree = SDKROOT; };
/* End PBXFileReference section */

/* Begin PBXFrameworksBuildPhase section */
		1B37146215523A65001B63B5 /* Frameworks */ = {
			isa = PBXFrameworksBuildPhase;
			buildActionMask = 2147483647;
			files = (
				1B884FA615C0FF07009AB948 /* OpenGL.framework in Frameworks */,
				1B37146A15523A65001B63B5 /* Cocoa.framework in Frameworks */,
				1B37146C15523A65001B63B5 /* Quartz.framework in Frameworks */,
			);
			runOnlyForDeploymentPostprocessing = 0;
		};
/* End PBXFrameworksBuildPhase section */

/* Begin PBXGroup section */
		1B37145A15523A65001B63B5 = {
			isa = PBXGroup;
			children = (
				1B37147315523A65001B63B5 /* v002 Morphology */,
				1B37146815523A65001B63B5 /* Frameworks */,
				1B37146715523A65001B63B5 /* Products */,
			);
			sourceTree = "<group>";
		};
		1B37146715523A65001B63B5 /* Products */ = {
			isa = PBXGroup;
			children = (
				1B37146615523A65001B63B5 /* v002 Morphology.plugin */,
			);
			name = Products;
			sourceTree = "<group>";
		};
		1B37146815523A65001B63B5 /* Frameworks */ = {
			isa = PBXGroup;
			children = (
				1B884FA515C0FF07009AB948 /* OpenGL.framework */,
				1B37146915523A65001B63B5 /* Cocoa.framework */,
				1B37146B15523A65001B63B5 /* Quartz.framework */,
				1B37146D15523A65001B63B5 /* Other Frameworks */,
			);
			name = Frameworks;
			sourceTree = "<group>";
		};
		1B37146D15523A65001B63B5 /* Other Frameworks */ = {
			isa = PBXGroup;
			children = (
				1B37146E15523A65001B63B5 /* AppKit.framework */,
				1B37146F15523A65001B63B5 /* CoreData.framework */,
				1B37147015523A65001B63B5 /* Foundation.framework */,
			);
			name = "Other Frameworks";
			sourceTree = "<group>";
		};
		1B37147315523A65001B63B5 /* v002 Morphology */ = {
			isa = PBXGroup;
			children = (
				1B48F38215523B6000958631 /* v002 Utilities */,
				1B48F37A15523B4800958631 /* Erode */,
				1B48F37915523B4300958631 /* Dilate */,
				1B5FE4F31B1CFFD700EED2A1 /* Median */,
				1B37147415523A65001B63B5 /* Supporting Files */,
				1B5FE4F01B1CFB8E00EED2A1 /* v002MorphologyGenericImageProcessor.h */,
				1B5FE4F11B1CFB8E00EED2A1 /* v002MorphologyGenericImageProcessor.m */,
			);
			path = "v002 Morphology";
			sourceTree = "<group>";
		};
		1B37147415523A65001B63B5 /* Supporting Files */ = {
			isa = PBXGroup;
			children = (
				1B37147515523A65001B63B5 /* v002 Morphology-Info.plist */,
				1B37147615523A65001B63B5 /* InfoPlist.strings */,
				1B37147C15523A65001B63B5 /* v002 Morphology-Prefix.pch */,
			);
			name = "Supporting Files";
			sourceTree = "<group>";
		};
		1B48F37915523B4300958631 /* Dilate */ = {
			isa = PBXGroup;
			children = (
				1B48F37B15523B5500958631 /* v002_DilatePlugIn.h */,
				1B48F37C15523B5500958631 /* v002_DilatePlugIn.m */,
				1B48F37D15523B5500958631 /* v002.dilate.frag */,
				1B48F37E15523B5500958631 /* v002.dilate.vert */,
			);
			name = Dilate;
			sourceTree = "<group>";
		};
		1B48F37A15523B4800958631 /* Erode */ = {
			isa = PBXGroup;
			children = (
				1B48F39815523E1800958631 /* v002_ErodePlugIn.h */,
				1B48F39915523E1800958631 /* v002_ErodePlugIn.m */,
				1B48F39A15523E1800958631 /* v002.erode.frag */,
				1B48F39B15523E1800958631 /* v002.erode.vert */,
			);
			name = Erode;
			sourceTree = "<group>";
		};
		1B48F38215523B6000958631 /* v002 Utilities */ = {
			isa = PBXGroup;
			children = (
				1B48F38315523B6000958631 /* icon.icns */,
				1B48F38415523B6000958631 /* README.md */,
				1B48F38515523B6000958631 /* v002FBO.h */,
				1B48F38615523B6000958631 /* v002FBO.m */,
				1B48F38715523B6000958631 /* v002MasterPluginInterface.h */,
				1B48F38815523B6000958631 /* v002MasterPluginInterface.m */,
				1B48F38915523B6000958631 /* v002Shader.h */,
				1B48F38A15523B6000958631 /* v002Shader.m */,
				1B48F38B15523B6000958631 /* v002UniqueClassNames.h */,
			);
			path = "v002 Utilities";
			sourceTree = SOURCE_ROOT;
		};
		1B5FE4F31B1CFFD700EED2A1 /* Median */ = {
			isa = PBXGroup;
			children = (
				1B5FE4F41B1D000100EED2A1 /* v002_MedianPlugIn.h */,
				1B5FE4F51B1D000100EED2A1 /* v002_MedianPlugIn.m */,
				1B5FE4F71B1D017900EED2A1 /* v002.median.vert */,
				1B5FE4F91B1D018800EED2A1 /* v002.median.frag */,
			);
			name = Median;
			path = "../v002 Utilities";
			sourceTree = "<group>";
		};
/* End PBXGroup section */

/* Begin PBXNativeTarget section */
		1B37146515523A65001B63B5 /* v002 Morphology */ = {
			isa = PBXNativeTarget;
			buildConfigurationList = 1B37147F15523A65001B63B5 /* Build configuration list for PBXNativeTarget "v002 Morphology" */;
			buildPhases = (
				1B37146115523A65001B63B5 /* Sources */,
				1B37146215523A65001B63B5 /* Frameworks */,
				1B37146315523A65001B63B5 /* Resources */,
				1B37146415523A65001B63B5 /* ShellScript */,
			);
			buildRules = (
			);
			dependencies = (
			);
			name = "v002 Morphology";
			productName = "v002 Morphology";
			productReference = 1B37146615523A65001B63B5 /* v002 Morphology.plugin */;
			productType = "com.apple.product-type.bundle";
		};
/* End PBXNativeTarget section */

/* Begin PBXProject section */
		1B37145C15523A65001B63B5 /* Project object */ = {
			isa = PBXProject;
			attributes = {
				LastUpgradeCheck = 0630;
			};
			buildConfigurationList = 1B37145F15523A65001B63B5 /* Build configuration list for PBXProject "v002 Morphology" */;
			compatibilityVersion = "Xcode 3.2";
			developmentRegion = English;
			hasScannedForEncodings = 0;
			knownRegions = (
				en,
			);
			mainGroup = 1B37145A15523A65001B63B5;
			productRefGroup = 1B37146715523A65001B63B5 /* Products */;
			projectDirPath = "";
			projectRoot = "";
			targets = (
				1B37146515523A65001B63B5 /* v002 Morphology */,
			);
		};
/* End PBXProject section */

/* Begin PBXResourcesBuildPhase section */
		1B37146315523A65001B63B5 /* Resources */ = {
			isa = PBXResourcesBuildPhase;
			buildActionMask = 2147483647;
			files = (
				1B48F39615523D1A00958631 /* v002.dilate.frag in Resources */,
				1B48F39715523D1A00958631 /* v002.dilate.vert in Resources */,
				1B48F39D15523E1800958631 /* v002.erode.frag in Resources */,
				1B5FE4F81B1D017900EED2A1 /* v002.median.vert in Resources */,
				1B48F39E15523E1800958631 /* v002.erode.vert in Resources */,
				1B37147815523A65001B63B5 /* InfoPlist.strings in Resources */,
				1B5FE4FA1B1D018800EED2A1 /* v002.median.frag in Resources */,
				1B48F38C15523B6000958631 /* icon.icns in Resources */,
				1B48F38D15523B6000958631 /* README.md in Resources */,
			);
			runOnlyForDeploymentPostprocessing = 0;
		};
/* End PBXResourcesBuildPhase section */

/* Begin PBXShellScriptBuildPhase section */
		1B37146415523A65001B63B5 /* ShellScript */ = {
			isa = PBXShellScriptBuildPhase;
			buildActionMask = 2147483647;
			files = (
			);
			inputPaths = (
			);
			outputPaths = (
			);
			runOnlyForDeploymentPostprocessing = 0;
			shellPath = /bin/sh;
			shellScript = "# This shell script simply copies the built plug-in to \"~/Library/Graphics/Quartz Composer Plug-Ins\" and overrides any previous version at that location\n\nmkdir -p \"$USER_LIBRARY_DIR/Graphics/Quartz Composer Plug-Ins\"\nrm -rf \"$USER_LIBRARY_DIR/Graphics/Quartz Composer Plug-Ins/v002 Morphology.plugin\"\ncp -rf \"$BUILT_PRODUCTS_DIR/v002 Morphology.plugin\" \"$USER_LIBRARY_DIR/Graphics/Quartz Composer Plug-Ins/\"\n";
		};
/* End PBXShellScriptBuildPhase section */

/* Begin PBXSourcesBuildPhase section */
		1B37146115523A65001B63B5 /* Sources */ = {
			isa = PBXSourcesBuildPhase;
			buildActionMask = 2147483647;
			files = (
				1B5FE4F21B1CFB8E00EED2A1 /* v002MorphologyGenericImageProcessor.m in Sources */,
				1B5FE4F61B1D000100EED2A1 /* v002_MedianPlugIn.m in Sources */,
				1B48F37F15523B5500958631 /* v002_DilatePlugIn.m in Sources */,
				1B48F38E15523B6000958631 /* v002FBO.m in Sources */,
				1B48F38F15523B6000958631 /* v002MasterPluginInterface.m in Sources */,
				1B48F39015523B6000958631 /* v002Shader.m in Sources */,
				1B48F39C15523E1800958631 /* v002_ErodePlugIn.m in Sources */,
			);
			runOnlyForDeploymentPostprocessing = 0;
		};
/* End PBXSourcesBuildPhase section */

/* Begin PBXVariantGroup section */
		1B37147615523A65001B63B5 /* InfoPlist.strings */ = {
			isa = PBXVariantGroup;
			children = (
				1B37147715523A65001B63B5 /* en */,
			);
			name = InfoPlist.strings;
			sourceTree = "<group>";
		};
/* End PBXVariantGroup section */

/* Begin XCBuildConfiguration section */
		1B37147D15523A65001B63B5 /* Debug */ = {
			isa = XCBuildConfiguration;
			buildSettings = {
				ALWAYS_SEARCH_USER_PATHS = NO;
				ARCHS = "$(ARCHS_STANDARD_32_64_BIT)";
				COPY_PHASE_STRIP = NO;
				GCC_C_LANGUAGE_STANDARD = gnu99;
				GCC_DYNAMIC_NO_PIC = NO;
				GCC_ENABLE_OBJC_EXCEPTIONS = YES;
				GCC_OPTIMIZATION_LEVEL = 0;
				GCC_PREPROCESSOR_DEFINITIONS = (
					"DEBUG=1",
					"$(inherited)",
				);
				GCC_SYMBOLS_PRIVATE_EXTERN = NO;
				GCC_VERSION = com.apple.compilers.llvm.clang.1_0;
				GCC_WARN_64_TO_32_BIT_CONVERSION = YES;
				GCC_WARN_ABOUT_RETURN_TYPE = YES;
				GCC_WARN_UNINITIALIZED_AUTOS = YES;
				GCC_WARN_UNUSED_VARIABLE = YES;
				MACOSX_DEPLOYMENT_TARGET = 10.6;
				ONLY_ACTIVE_ARCH = YES;
				SDKROOT = macosx;
			};
			name = Debug;
		};
		1B37147E15523A65001B63B5 /* Release */ = {
			isa = XCBuildConfiguration;
			buildSettings = {
				ALWAYS_SEARCH_USER_PATHS = NO;
				ARCHS = "$(ARCHS_STANDARD_32_64_BIT)";
				COPY_PHASE_STRIP = YES;
				DEBUG_INFORMATION_FORMAT = "dwarf-with-dsym";
				GCC_C_LANGUAGE_STANDARD = gnu99;
				GCC_ENABLE_OBJC_EXCEPTIONS = YES;
				GCC_VERSION = com.apple.compilers.llvm.clang.1_0;
				GCC_WARN_64_TO_32_BIT_CONVERSION = YES;
				GCC_WARN_ABOUT_RETURN_TYPE = YES;
				GCC_WARN_UNINITIALIZED_AUTOS = YES;
				GCC_WARN_UNUSED_VARIABLE = YES;
				MACOSX_DEPLOYMENT_TARGET = 10.6;
				SDKROOT = macosx;
			};
			name = Release;
		};
		1B37148015523A65001B63B5 /* Debug */ = {
			isa = XCBuildConfiguration;
			buildSettings = {
				COMBINE_HIDPI_IMAGES = YES;
				GCC_PRECOMPILE_PREFIX_HEADER = YES;
				GCC_PREFIX_HEADER = "v002 Morphology/v002 Morphology-Prefix.pch";
				GCC_PREPROCESSOR_DEFINITIONS = (
					"DEBUG=1",
					"V002_UNIQUE_CLASS_NAME_PREFIX=v002Morphology",
				);
				INFOPLIST_FILE = "v002 Morphology/v002 Morphology-Info.plist";
				INSTALL_PATH = "$(HOME)/Library/Graphics/Quartz Composer Plug-Ins";
				MACOSX_DEPLOYMENT_TARGET = 10.6;
				PRODUCT_NAME = "$(TARGET_NAME)";
				V002_UNIQUE_CLASS_NAME_PREFIX = v002Morphology;
				WRAPPER_EXTENSION = plugin;
			};
			name = Debug;
		};
		1B37148115523A65001B63B5 /* Release */ = {
			isa = XCBuildConfiguration;
			buildSettings = {
				COMBINE_HIDPI_IMAGES = YES;
				GCC_PRECOMPILE_PREFIX_HEADER = YES;
				GCC_PREFIX_HEADER = "v002 Morphology/v002 Morphology-Prefix.pch";
				GCC_PREPROCESSOR_DEFINITIONS = "V002_UNIQUE_CLASS_NAME_PREFIX=v002Morphology";
				INFOPLIST_FILE = "v002 Morphology/v002 Morphology-Info.plist";
				INSTALL_PATH = "$(HOME)/Library/Graphics/Quartz Composer Plug-Ins";
				MACOSX_DEPLOYMENT_TARGET = 10.6;
				PRODUCT_NAME = "$(TARGET_NAME)";
				V002_UNIQUE_CLASS_NAME_PREFIX = v002Morphology;
				WRAPPER_EXTENSION = plugin;
			};
			name = Release;
		};
/* End XCBuildConfiguration section */

/* Begin XCConfigurationList section */
		1B37145F15523A65001B63B5 /* Build configuration list for PBXProject "v002 Morphology" */ = {
			isa = XCConfigurationList;
			buildConfigurations = (
				1B37147D15523A65001B63B5 /* Debug */,
				1B37147E15523A65001B63B5 /* Release */,
			);
			defaultConfigurationIsVisible = 0;
			defaultConfigurationName = Release;
		};
		1B37147F15523A65001B63B5 /* Build configuration list for PBXNativeTarget "v002 Morphology" */ = {
			isa = XCConfigurationList;
			buildConfigurations = (
				1B37148015523A65001B63B5 /* Debug */,
				1B37148115523A65001B63B5 /* Release */,
			);
			defaultConfigurationIsVisible = 0;
			defaultConfigurationName = Release;
		};
/* End XCConfigurationList section */
	};
	rootObject = 1B37145C15523A65001B63B5 /* Project object */;
}
